
Microsoft Visual Studio Solution File, Format Version 12.00
# Visual Studio Version 16
VisualStudioVersion = 16.0.30114.128
MinimumVisualStudioVersion = 10.0.40219.1
Project("{FAE04EC0-301F-11D3-BF4B-00C04F79EFBC}") = "FVTTBridge", "FVTTBridge\FVTTBridge.csproj", "{0B5A45F2-80C5-4455-BB8F-61DB60C14E79}"
EndProject
Project("{FAE04EC0-301F-11D3-BF4B-00C04F79EFBC}") = "ProjectGrinder", "ProjectGrinder\ProjectGrinder.csproj", "{E3ACF14F-EA4A-43DD-AE78-FD3760A6D4B1}"
EndProject
Project("{FAE04EC0-301F-11D3-BF4B-00C04F79EFBC}") = "FVTTBridgeTest", "FVTTBridgeTest\FVTTBridgeTest.csproj", "{2930A3E9-18C6-4659-B143-02F15CBCDB54}"
EndProject
Project("{FAE04EC0-301F-11D3-BF4B-00C04F79EFBC}") = "DAGModule", "DAGModule\DAGModule.csproj", "{8E9B71D5-E415-43BC-AD36-256ACD684573}"
EndProject
Project("{FAE04EC0-301F-11D3-BF4B-00C04F79EFBC}") = "FVTTModuleTest", "FVTTModuleTest\FVTTModuleTest.csproj", "{AAE1764F-6F0C-4DA1-A03F-81C584437B6C}"
EndProject
Project("{2150E333-8FDC-42A3-9474-1A3956D46DE8}") = "Solution Items", "Solution Items", "{2683248D-BBA8-491D-9096-6626FE468FCC}"
	ProjectSection(SolutionItems) = preProject
		.editorconfig = .editorconfig
	EndProjectSection
EndProject
Global
	GlobalSection(SolutionConfigurationPlatforms) = preSolution
		Debug|Any CPU = Debug|Any CPU
		Release|Any CPU = Release|Any CPU
	EndGlobalSection
	GlobalSection(ProjectConfigurationPlatforms) = postSolution
		{0B5A45F2-80C5-4455-BB8F-61DB60C14E79}.Debug|Any CPU.ActiveCfg = Debug|Any CPU
		{0B5A45F2-80C5-4455-BB8F-61DB60C14E79}.Debug|Any CPU.Build.0 = Debug|Any CPU
		{0B5A45F2-80C5-4455-BB8F-61DB60C14E79}.Release|Any CPU.ActiveCfg = Release|Any CPU
		{0B5A45F2-80C5-4455-BB8F-61DB60C14E79}.Release|Any CPU.Build.0 = Release|Any CPU
		{E3ACF14F-EA4A-43DD-AE78-FD3760A6D4B1}.Debug|Any CPU.ActiveCfg = Debug|Any CPU
		{E3ACF14F-EA4A-43DD-AE78-FD3760A6D4B1}.Debug|Any CPU.Build.0 = Debug|Any CPU
		{E3ACF14F-EA4A-43DD-AE78-FD3760A6D4B1}.Release|Any CPU.ActiveCfg = Release|Any CPU
		{E3ACF14F-EA4A-43DD-AE78-FD3760A6D4B1}.Release|Any CPU.Build.0 = Release|Any CPU
		{2930A3E9-18C6-4659-B143-02F15CBCDB54}.Debug|Any CPU.ActiveCfg = Debug|Any CPU
		{2930A3E9-18C6-4659-B143-02F15CBCDB54}.Debug|Any CPU.Build.0 = Debug|Any CPU
		{2930A3E9-18C6-4659-B143-02F15CBCDB54}.Release|Any CPU.ActiveCfg = Release|Any CPU
		{2930A3E9-18C6-4659-B143-02F15CBCDB54}.Release|Any CPU.Build.0 = Release|Any CPU
		{8E9B71D5-E415-43BC-AD36-256ACD684573}.Debug|Any CPU.ActiveCfg = Debug|Any CPU
		{8E9B71D5-E415-43BC-AD36-256ACD684573}.Debug|Any CPU.Build.0 = Debug|Any CPU
		{8E9B71D5-E415-43BC-AD36-256ACD684573}.Release|Any CPU.ActiveCfg = Release|Any CPU
		{8E9B71D5-E415-43BC-AD36-256ACD684573}.Release|Any CPU.Build.0 = Release|Any CPU
		{AAE1764F-6F0C-4DA1-A03F-81C584437B6C}.Debug|Any CPU.ActiveCfg = Debug|Any CPU
		{AAE1764F-6F0C-4DA1-A03F-81C584437B6C}.Debug|Any CPU.Build.0 = Debug|Any CPU
		{AAE1764F-6F0C-4DA1-A03F-81C584437B6C}.Release|Any CPU.ActiveCfg = Release|Any CPU
		{AAE1764F-6F0C-4DA1-A03F-81C584437B6C}.Release|Any CPU.Build.0 = Release|Any CPU
	EndGlobalSection
	GlobalSection(SolutionProperties) = preSolution
		HideSolutionNode = FALSE
	EndGlobalSection
	GlobalSection(ExtensibilityGlobals) = postSolution
		SolutionGuid = {D363E3EA-1BCD-4564-9473-6D5878DEFCBA}
	EndGlobalSection
EndGlobal
